
Microsoft Visual Studio Solution File, Format Version 12.00
# Visual Studio Version 17
VisualStudioVersion = 17.10.35027.167
MinimumVisualStudioVersion = 10.0.40219.1
Project("{8BC9CEB8-8B4A-11D0-8D11-00A0C91BC942}") = "Cryn The Dark Reflection", "Cryn The Dark Reflection.vcxproj", "{62D6EB46-711A-476A-BE5B-032656883ADA}"
EndProject
Global
	GlobalSection(SolutionConfigurationPlatforms) = preSolution
		Debug|x64 = Debug|x64
		Debug|x86 = Debug|x86
		Release|x64 = Release|x64
		Release|x86 = Release|x86
	EndGlobalSection
	GlobalSection(ProjectConfigurationPlatforms) = postSolution
		{62D6EB46-711A-476A-BE5B-032656883ADA}.Debug|x64.ActiveCfg = Debug|x64
		{62D6EB46-711A-476A-BE5B-032656883ADA}.Debug|x64.Build.0 = Debug|x64
		{62D6EB46-711A-476A-BE5B-032656883ADA}.Debug|x86.ActiveCfg = Debug|Win32
		{62D6EB46-711A-476A-BE5B-032656883ADA}.Debug|x86.Build.0 = Debug|Win32
		{62D6EB46-711A-476A-BE5B-032656883ADA}.Release|x64.ActiveCfg = Release|x64
		{62D6EB46-711A-476A-BE5B-032656883ADA}.Release|x64.Build.0 = Release|x64
		{62D6EB46-711A-476A-BE5B-032656883ADA}.Release|x86.ActiveCfg = Release|Win32
		{62D6EB46-711A-476A-BE5B-032656883ADA}.Release|x86.Build.0 = Release|Win32
	EndGlobalSection
	GlobalSection(SolutionProperties) = preSolution
		HideSolutionNode = FALSE
	EndGlobalSection
	GlobalSection(ExtensibilityGlobals) = postSolution
		SolutionGuid = {6DE508F9-7571-4697-8189-51C1B33C07EA}
	EndGlobalSection
EndGlobal
